
Microsoft Visual Studio Solution File, Format Version 12.00
# Visual Studio Version 17
VisualStudioVersion = 17.11.35219.272
MinimumVisualStudioVersion = 10.0.40219.1
Project("{FAE04EC0-301F-11D3-BF4B-00C04F79EFBC}") = "SimpleLoginV2", "SimpleLoginV2\SimpleLoginV2.csproj", "{EE3C84D4-5BCE-4FAF-8E9A-00219D713ACD}"
EndProject
Global
	GlobalSection(SolutionConfigurationPlatforms) = preSolution
		Debug|Any CPU = Debug|Any CPU
		Release|Any CPU = Release|Any CPU
	EndGlobalSection
	GlobalSection(ProjectConfigurationPlatforms) = postSolution
		{EE3C84D4-5BCE-4FAF-8E9A-00219D713ACD}.Debug|Any CPU.ActiveCfg = Debug|Any CPU
		{EE3C84D4-5BCE-4FAF-8E9A-00219D713ACD}.Debug|Any CPU.Build.0 = Debug|Any CPU
		{EE3C84D4-5BCE-4FAF-8E9A-00219D713ACD}.Release|Any CPU.ActiveCfg = Release|Any CPU
		{EE3C84D4-5BCE-4FAF-8E9A-00219D713ACD}.Release|Any CPU.Build.0 = Release|Any CPU
	EndGlobalSection
	GlobalSection(SolutionProperties) = preSolution
		HideSolutionNode = FALSE
	EndGlobalSection
	GlobalSection(ExtensibilityGlobals) = postSolution
		SolutionGuid = {A7FA9C93-3701-4100-84F5-FAF7A66656CD}
	EndGlobalSection
EndGlobal
